
Microsoft Visual Studio Solution File, Format Version 12.00
# Visual Studio Version 17
VisualStudioVersion = 17.3.32929.385
MinimumVisualStudioVersion = 10.0.40219.1
Project("{FAE04EC0-301F-11D3-BF4B-00C04F79EFBC}") = "10_1", "10_1\10_1.csproj", "{8D1CA654-6B26-4D14-861A-4C8B0E5F741C}"
EndProject
Global
	GlobalSection(SolutionConfigurationPlatforms) = preSolution
		Debug|Any CPU = Debug|Any CPU
		Release|Any CPU = Release|Any CPU
	EndGlobalSection
	GlobalSection(ProjectConfigurationPlatforms) = postSolution
		{8D1CA654-6B26-4D14-861A-4C8B0E5F741C}.Debug|Any CPU.ActiveCfg = Debug|Any CPU
		{8D1CA654-6B26-4D14-861A-4C8B0E5F741C}.Debug|Any CPU.Build.0 = Debug|Any CPU
		{8D1CA654-6B26-4D14-861A-4C8B0E5F741C}.Release|Any CPU.ActiveCfg = Release|Any CPU
		{8D1CA654-6B26-4D14-861A-4C8B0E5F741C}.Release|Any CPU.Build.0 = Release|Any CPU
	EndGlobalSection
	GlobalSection(SolutionProperties) = preSolution
		HideSolutionNode = FALSE
	EndGlobalSection
	GlobalSection(ExtensibilityGlobals) = postSolution
		SolutionGuid = {C94D7B2D-9B73-4366-88D1-D5250335A125}
	EndGlobalSection
EndGlobal
